// !$*UTF8*$!
{
	archiveVersion = 1;
	classes = {
	};
	objectVersion = 55;
	objects = {

/* Begin PBXBuildFile section */
		79AA6C178343A3BA903559D9 /* Pods_CatBreeds.framework in Frameworks */ = {isa = PBXBuildFile; fileRef = 76DB3F65417EB64A9B127834 /* Pods_CatBreeds.framework */; };
		80142FAD2814C4D4000C1EE3 /* UIView+Extension.swift in Sources */ = {isa = PBXBuildFile; fileRef = 80142FAC2814C4D4000C1EE3 /* UIView+Extension.swift */; };
		80142FB02814C5BD000C1EE3 /* SplashSlide.swift in Sources */ = {isa = PBXBuildFile; fileRef = 80142FAF2814C5BD000C1EE3 /* SplashSlide.swift */; };
		80142FB32814C898000C1EE3 /* SplashCollectionViewCell.swift in Sources */ = {isa = PBXBuildFile; fileRef = 80142FB22814C898000C1EE3 /* SplashCollectionViewCell.swift */; };
		801B05B8280EFC6700FCD6C7 /* SplashScreenVC.swift in Sources */ = {isa = PBXBuildFile; fileRef = 801B05B6280EFC6700FCD6C7 /* SplashScreenVC.swift */; };
		8037D74B2A9CB283004CAEE3 /* ContentsViewModel.swift in Sources */ = {isa = PBXBuildFile; fileRef = 8037D74A2A9CB283004CAEE3 /* ContentsViewModel.swift */; };
		80C26298280B5EB700BBBFA1 /* DetailsViewController.swift in Sources */ = {isa = PBXBuildFile; fileRef = 80C26297280B5EB700BBBFA1 /* DetailsViewController.swift */; };
		80C2629A280B603800BBBFA1 /* Int+Extension.swift in Sources */ = {isa = PBXBuildFile; fileRef = 80C26299280B603800BBBFA1 /* Int+Extension.swift */; };
		80C2629D280B619200BBBFA1 /* FavoriteViewController.swift in Sources */ = {isa = PBXBuildFile; fileRef = 80C2629B280B619200BBBFA1 /* FavoriteViewController.swift */; };
		80C2629E280B619200BBBFA1 /* FavoriteViewController.xib in Resources */ = {isa = PBXBuildFile; fileRef = 80C2629C280B619200BBBFA1 /* FavoriteViewController.xib */; };
		80C262A2280B65C600BBBFA1 /* UIImageView+Extension.swift in Sources */ = {isa = PBXBuildFile; fileRef = 80C262A1280B65C600BBBFA1 /* UIImageView+Extension.swift */; };
		80D14ADB280B556C00568D70 /* AppDelegate.swift in Sources */ = {isa = PBXBuildFile; fileRef = 80D14ADA280B556C00568D70 /* AppDelegate.swift */; };
		80D14ADD280B556C00568D70 /* SceneDelegate.swift in Sources */ = {isa = PBXBuildFile; fileRef = 80D14ADC280B556C00568D70 /* SceneDelegate.swift */; };
		80D14AE2280B556C00568D70 /* Main.storyboard in Resources */ = {isa = PBXBuildFile; fileRef = 80D14AE0280B556C00568D70 /* Main.storyboard */; };
		80D14AE5280B556C00568D70 /* CatBreeds.xcdatamodeld in Sources */ = {isa = PBXBuildFile; fileRef = 80D14AE3280B556C00568D70 /* CatBreeds.xcdatamodeld */; };
		80D14AE7280B556D00568D70 /* Assets.xcassets in Resources */ = {isa = PBXBuildFile; fileRef = 80D14AE6280B556D00568D70 /* Assets.xcassets */; };
		80D14AEA280B556D00568D70 /* LaunchScreen.storyboard in Resources */ = {isa = PBXBuildFile; fileRef = 80D14AE8280B556D00568D70 /* LaunchScreen.storyboard */; };
		80D14AF3280B55C300568D70 /* BaseViewController.swift in Sources */ = {isa = PBXBuildFile; fileRef = 80D14AF2280B55C300568D70 /* BaseViewController.swift */; };
		80D14AFA280B566300568D70 /* ContentsViewController.swift in Sources */ = {isa = PBXBuildFile; fileRef = 80D14AF9280B566300568D70 /* ContentsViewController.swift */; };
		80D14B03280B572000568D70 /* Service.swift in Sources */ = {isa = PBXBuildFile; fileRef = 80D14B02280B572000568D70 /* Service.swift */; };
		80D14B05280B575400568D70 /* ContentsResponse.swift in Sources */ = {isa = PBXBuildFile; fileRef = 80D14B04280B575400568D70 /* ContentsResponse.swift */; };
		80D14B08280B593400568D70 /* ContentsTableViewCell.swift in Sources */ = {isa = PBXBuildFile; fileRef = 80D14B06280B593400568D70 /* ContentsTableViewCell.swift */; };
		80D14B09280B593400568D70 /* ContentsTableViewCell.xib in Resources */ = {isa = PBXBuildFile; fileRef = 80D14B07280B593400568D70 /* ContentsTableViewCell.xib */; };
/* End PBXBuildFile section */

/* Begin PBXFileReference section */
		40521A1E323F5EFABC6D8E5B /* Pods-CatBreeds.release.xcconfig */ = {isa = PBXFileReference; includeInIndex = 1; lastKnownFileType = text.xcconfig; name = "Pods-CatBreeds.release.xcconfig"; path = "Target Support Files/Pods-CatBreeds/Pods-CatBreeds.release.xcconfig"; sourceTree = "<group>"; };
		76DB3F65417EB64A9B127834 /* Pods_CatBreeds.framework */ = {isa = PBXFileReference; explicitFileType = wrapper.framework; includeInIndex = 0; path = Pods_CatBreeds.framework; sourceTree = BUILT_PRODUCTS_DIR; };
		80142FAC2814C4D4000C1EE3 /* UIView+Extension.swift */ = {isa = PBXFileReference; lastKnownFileType = sourcecode.swift; path = "UIView+Extension.swift"; sourceTree = "<group>"; };
		80142FAF2814C5BD000C1EE3 /* SplashSlide.swift */ = {isa = PBXFileReference; lastKnownFileType = sourcecode.swift; path = SplashSlide.swift; sourceTree = "<group>"; };
		80142FB22814C898000C1EE3 /* SplashCollectionViewCell.swift */ = {isa = PBXFileReference; lastKnownFileType = sourcecode.swift; path = SplashCollectionViewCell.swift; sourceTree = "<group>"; };
		801B05B6280EFC6700FCD6C7 /* SplashScreenVC.swift */ = {isa = PBXFileReference; lastKnownFileType = sourcecode.swift; path = SplashScreenVC.swift; sourceTree = "<group>"; };
		8037D74A2A9CB283004CAEE3 /* ContentsViewModel.swift */ = {isa = PBXFileReference; lastKnownFileType = sourcecode.swift; path = ContentsViewModel.swift; sourceTree = "<group>"; };
		80C26297280B5EB700BBBFA1 /* DetailsViewController.swift */ = {isa = PBXFileReference; lastKnownFileType = sourcecode.swift; path = DetailsViewController.swift; sourceTree = "<group>"; };
		80C26299280B603800BBBFA1 /* Int+Extension.swift */ = {isa = PBXFileReference; lastKnownFileType = sourcecode.swift; path = "Int+Extension.swift"; sourceTree = "<group>"; };
		80C2629B280B619200BBBFA1 /* FavoriteViewController.swift */ = {isa = PBXFileReference; lastKnownFileType = sourcecode.swift; path = FavoriteViewController.swift; sourceTree = "<group>"; };
		80C2629C280B619200BBBFA1 /* FavoriteViewController.xib */ = {isa = PBXFileReference; lastKnownFileType = file.xib; path = FavoriteViewController.xib; sourceTree = "<group>"; };
		80C262A1280B65C600BBBFA1 /* UIImageView+Extension.swift */ = {isa = PBXFileReference; lastKnownFileType = sourcecode.swift; path = "UIImageView+Extension.swift"; sourceTree = "<group>"; };
		80D14AD7280B556C00568D70 /* CatBreeds.app */ = {isa = PBXFileReference; explicitFileType = wrapper.application; includeInIndex = 0; path = CatBreeds.app; sourceTree = BUILT_PRODUCTS_DIR; };
		80D14ADA280B556C00568D70 /* AppDelegate.swift */ = {isa = PBXFileReference; lastKnownFileType = sourcecode.swift; path = AppDelegate.swift; sourceTree = "<group>"; };
		80D14ADC280B556C00568D70 /* SceneDelegate.swift */ = {isa = PBXFileReference; lastKnownFileType = sourcecode.swift; path = SceneDelegate.swift; sourceTree = "<group>"; };
		80D14AE1280B556C00568D70 /* Base */ = {isa = PBXFileReference; lastKnownFileType = file.storyboard; name = Base; path = Base.lproj/Main.storyboard; sourceTree = "<group>"; };
		80D14AE4280B556C00568D70 /* CatBreeds.xcdatamodel */ = {isa = PBXFileReference; lastKnownFileType = wrapper.xcdatamodel; path = CatBreeds.xcdatamodel; sourceTree = "<group>"; };
		80D14AE6280B556D00568D70 /* Assets.xcassets */ = {isa = PBXFileReference; lastKnownFileType = folder.assetcatalog; path = Assets.xcassets; sourceTree = "<group>"; };
		80D14AE9280B556D00568D70 /* Base */ = {isa = PBXFileReference; lastKnownFileType = file.storyboard; name = Base; path = Base.lproj/LaunchScreen.storyboard; sourceTree = "<group>"; };
		80D14AEB280B556D00568D70 /* Info.plist */ = {isa = PBXFileReference; lastKnownFileType = text.plist.xml; path = Info.plist; sourceTree = "<group>"; };
		80D14AF2280B55C300568D70 /* BaseViewController.swift */ = {isa = PBXFileReference; lastKnownFileType = sourcecode.swift; path = BaseViewController.swift; sourceTree = "<group>"; };
		80D14AF9280B566300568D70 /* ContentsViewController.swift */ = {isa = PBXFileReference; lastKnownFileType = sourcecode.swift; path = ContentsViewController.swift; sourceTree = "<group>"; };
		80D14B02280B572000568D70 /* Service.swift */ = {isa = PBXFileReference; lastKnownFileType = sourcecode.swift; path = Service.swift; sourceTree = "<group>"; };
		80D14B04280B575400568D70 /* ContentsResponse.swift */ = {isa = PBXFileReference; lastKnownFileType = sourcecode.swift; path = ContentsResponse.swift; sourceTree = "<group>"; };
		80D14B06280B593400568D70 /* ContentsTableViewCell.swift */ = {isa = PBXFileReference; lastKnownFileType = sourcecode.swift; path = ContentsTableViewCell.swift; sourceTree = "<group>"; };
		80D14B07280B593400568D70 /* ContentsTableViewCell.xib */ = {isa = PBXFileReference; lastKnownFileType = file.xib; path = ContentsTableViewCell.xib; sourceTree = "<group>"; };
		B99812EE3577A81CF1A78A80 /* Pods-CatBreeds.debug.xcconfig */ = {isa = PBXFileReference; includeInIndex = 1; lastKnownFileType = text.xcconfig; name = "Pods-CatBreeds.debug.xcconfig"; path = "Target Support Files/Pods-CatBreeds/Pods-CatBreeds.debug.xcconfig"; sourceTree = "<group>"; };
/* End PBXFileReference section */

/* Begin PBXFrameworksBuildPhase section */
		80D14AD4280B556C00568D70 /* Frameworks */ = {
			isa = PBXFrameworksBuildPhase;
			buildActionMask = 2147483647;
			files = (
				79AA6C178343A3BA903559D9 /* Pods_CatBreeds.framework in Frameworks */,
			);
			runOnlyForDeploymentPostprocessing = 0;
		};
/* End PBXFrameworksBuildPhase section */

/* Begin PBXGroup section */
		3C99C709657A4D0289E1F629 /* Frameworks */ = {
			isa = PBXGroup;
			children = (
				76DB3F65417EB64A9B127834 /* Pods_CatBreeds.framework */,
			);
			name = Frameworks;
			sourceTree = "<group>";
		};
		80142FAE2814C593000C1EE3 /* Models */ = {
			isa = PBXGroup;
			children = (
				80142FAF2814C5BD000C1EE3 /* SplashSlide.swift */,
			);
			path = Models;
			sourceTree = "<group>";
		};
		80142FB12814C602000C1EE3 /* View */ = {
			isa = PBXGroup;
			children = (
				801B05B6280EFC6700FCD6C7 /* SplashScreenVC.swift */,
				80142FB22814C898000C1EE3 /* SplashCollectionViewCell.swift */,
			);
			path = View;
			sourceTree = "<group>";
		};
		801B05BB280EFC8400FCD6C7 /* SplashScreen */ = {
			isa = PBXGroup;
			children = (
				80142FB12814C602000C1EE3 /* View */,
				80142FAE2814C593000C1EE3 /* Models */,
			);
			path = SplashScreen;
			sourceTree = "<group>";
		};
		8037D7472A9CAAEE004CAEE3 /* Detail */ = {
			isa = PBXGroup;
			children = (
				80C26297280B5EB700BBBFA1 /* DetailsViewController.swift */,
			);
			path = Detail;
			sourceTree = "<group>";
		};
		80D14ACE280B556C00568D70 = {
			isa = PBXGroup;
			children = (
				80D14AD9280B556C00568D70 /* CatBreeds */,
				80D14AD8280B556C00568D70 /* Products */,
				E6250BA054BA1805CD055A3C /* Pods */,
				3C99C709657A4D0289E1F629 /* Frameworks */,
			);
			sourceTree = "<group>";
		};
		80D14AD8280B556C00568D70 /* Products */ = {
			isa = PBXGroup;
			children = (
				80D14AD7280B556C00568D70 /* CatBreeds.app */,
			);
			name = Products;
			sourceTree = "<group>";
		};
		80D14AD9280B556C00568D70 /* CatBreeds */ = {
			isa = PBXGroup;
			children = (
				80D14AEB280B556D00568D70 /* Info.plist */,
				80D14AF5280B560100568D70 /* Application Delegates */,
				80D14AF1280B558800568D70 /* Base */,
				80D14AE3280B556C00568D70 /* CatBreeds.xcdatamodeld */,
				80D14B01280B56F100568D70 /* Extensions */,
				80D14AFE280B56BE00568D70 /* Network */,
				80D14AF6280B561D00568D70 /* Pages */,
				80D14AFD280B56AC00568D70 /* Resources */,
				80D14AF4280B55E400568D70 /* Storyboards */,
			);
			path = CatBreeds;
			sourceTree = "<group>";
		};
		80D14AF1280B558800568D70 /* Base */ = {
			isa = PBXGroup;
			children = (
				80D14AF2280B55C300568D70 /* BaseViewController.swift */,
			);
			path = Base;
			sourceTree = "<group>";
		};
		80D14AF4280B55E400568D70 /* Storyboards */ = {
			isa = PBXGroup;
			children = (
				80D14AE0280B556C00568D70 /* Main.storyboard */,
				80D14AE8280B556D00568D70 /* LaunchScreen.storyboard */,
			);
			path = Storyboards;
			sourceTree = "<group>";
		};
		80D14AF5280B560100568D70 /* Application Delegates */ = {
			isa = PBXGroup;
			children = (
				80D14ADA280B556C00568D70 /* AppDelegate.swift */,
				80D14ADC280B556C00568D70 /* SceneDelegate.swift */,
			);
			path = "Application Delegates";
			sourceTree = "<group>";
		};
		80D14AF6280B561D00568D70 /* Pages */ = {
			isa = PBXGroup;
			children = (
				801B05BB280EFC8400FCD6C7 /* SplashScreen */,
				80D14AF8280B564F00568D70 /* Home */,
				8037D7472A9CAAEE004CAEE3 /* Detail */,
				80D14AFC280B568300568D70 /* Favorite */,
			);
			path = Pages;
			sourceTree = "<group>";
		};
		80D14AF8280B564F00568D70 /* Home */ = {
			isa = PBXGroup;
			children = (
				80D14AF9280B566300568D70 /* ContentsViewController.swift */,
				80D14AFB280B567D00568D70 /* Cell */,
				8037D74A2A9CB283004CAEE3 /* ContentsViewModel.swift */,
			);
			path = Home;
			sourceTree = "<group>";
		};
		80D14AFB280B567D00568D70 /* Cell */ = {
			isa = PBXGroup;
			children = (
				80D14B06280B593400568D70 /* ContentsTableViewCell.swift */,
				80D14B07280B593400568D70 /* ContentsTableViewCell.xib */,
			);
			path = Cell;
			sourceTree = "<group>";
		};
		80D14AFC280B568300568D70 /* Favorite */ = {
			isa = PBXGroup;
			children = (
				80C2629B280B619200BBBFA1 /* FavoriteViewController.swift */,
				80C2629C280B619200BBBFA1 /* FavoriteViewController.xib */,
			);
			path = Favorite;
			sourceTree = "<group>";
		};
		80D14AFD280B56AC00568D70 /* Resources */ = {
			isa = PBXGroup;
			children = (
				80D14AE6280B556D00568D70 /* Assets.xcassets */,
			);
			path = Resources;
			sourceTree = "<group>";
		};
		80D14AFE280B56BE00568D70 /* Network */ = {
			isa = PBXGroup;
			children = (
				80D14B00280B56D200568D70 /* Service */,
				80D14AFF280B56C900568D70 /* Response */,
			);
			path = Network;
			sourceTree = "<group>";
		};
		80D14AFF280B56C900568D70 /* Response */ = {
			isa = PBXGroup;
			children = (
				80D14B04280B575400568D70 /* ContentsResponse.swift */,
			);
			path = Response;
			sourceTree = "<group>";
		};
		80D14B00280B56D200568D70 /* Service */ = {
			isa = PBXGroup;
			children = (
				80D14B02280B572000568D70 /* Service.swift */,
			);
			path = Service;
			sourceTree = "<group>";
		};
		80D14B01280B56F100568D70 /* Extensions */ = {
			isa = PBXGroup;
			children = (
				80C26299280B603800BBBFA1 /* Int+Extension.swift */,
				80C262A1280B65C600BBBFA1 /* UIImageView+Extension.swift */,
				80142FAC2814C4D4000C1EE3 /* UIView+Extension.swift */,
			);
			path = Extensions;
			sourceTree = "<group>";
		};
		E6250BA054BA1805CD055A3C /* Pods */ = {
			isa = PBXGroup;
			children = (
				B99812EE3577A81CF1A78A80 /* Pods-CatBreeds.debug.xcconfig */,
				40521A1E323F5EFABC6D8E5B /* Pods-CatBreeds.release.xcconfig */,
			);
			path = Pods;
			sourceTree = "<group>";
		};
/* End PBXGroup section */

/* Begin PBXNativeTarget section */
		80D14AD6280B556C00568D70 /* CatBreeds */ = {
			isa = PBXNativeTarget;
			buildConfigurationList = 80D14AEE280B556D00568D70 /* Build configuration list for PBXNativeTarget "CatBreeds" */;
			buildPhases = (
				A66EC8AA54FEE4F60B31AFDE /* [CP] Check Pods Manifest.lock */,
				80D14AD3280B556C00568D70 /* Sources */,
				80D14AD4280B556C00568D70 /* Frameworks */,
				80D14AD5280B556C00568D70 /* Resources */,
				4CAC598E2E33413F366AC1AB /* [CP] Embed Pods Frameworks */,
			);
			buildRules = (
			);
			dependencies = (
			);
			name = CatBreeds;
			productName = CatBreeds;
			productReference = 80D14AD7280B556C00568D70 /* CatBreeds.app */;
			productType = "com.apple.product-type.application";
		};
/* End PBXNativeTarget section */

/* Begin PBXProject section */
		80D14ACF280B556C00568D70 /* Project object */ = {
			isa = PBXProject;
			attributes = {
				BuildIndependentTargetsInParallel = 1;
				LastSwiftUpdateCheck = 1330;
				LastUpgradeCheck = 1330;
				TargetAttributes = {
					80D14AD6280B556C00568D70 = {
						CreatedOnToolsVersion = 13.3;
					};
				};
			};
			buildConfigurationList = 80D14AD2280B556C00568D70 /* Build configuration list for PBXProject "CatBreeds" */;
			compatibilityVersion = "Xcode 13.0";
			developmentRegion = en;
			hasScannedForEncodings = 0;
			knownRegions = (
				en,
				Base,
			);
			mainGroup = 80D14ACE280B556C00568D70;
			productRefGroup = 80D14AD8280B556C00568D70 /* Products */;
			projectDirPath = "";
			projectRoot = "";
			targets = (
				80D14AD6280B556C00568D70 /* CatBreeds */,
			);
		};
/* End PBXProject section */

/* Begin PBXResourcesBuildPhase section */
		80D14AD5280B556C00568D70 /* Resources */ = {
			isa = PBXResourcesBuildPhase;
			buildActionMask = 2147483647;
			files = (
				80D14AEA280B556D00568D70 /* LaunchScreen.storyboard in Resources */,
				80D14AE7280B556D00568D70 /* Assets.xcassets in Resources */,
				80D14AE2280B556C00568D70 /* Main.storyboard in Resources */,
				80C2629E280B619200BBBFA1 /* FavoriteViewController.xib in Resources */,
				80D14B09280B593400568D70 /* ContentsTableViewCell.xib in Resources */,
			);
			runOnlyForDeploymentPostprocessing = 0;
		};
/* End PBXResourcesBuildPhase section */

/* Begin PBXShellScriptBuildPhase section */
		4CAC598E2E33413F366AC1AB /* [CP] Embed Pods Frameworks */ = {
			isa = PBXShellScriptBuildPhase;
			buildActionMask = 2147483647;
			files = (
			);
			inputFileListPaths = (
				"${PODS_ROOT}/Target Support Files/Pods-CatBreeds/Pods-CatBreeds-frameworks-${CONFIGURATION}-input-files.xcfilelist",
			);
			name = "[CP] Embed Pods Frameworks";
			outputFileListPaths = (
				"${PODS_ROOT}/Target Support Files/Pods-CatBreeds/Pods-CatBreeds-frameworks-${CONFIGURATION}-output-files.xcfilelist",
			);
			runOnlyForDeploymentPostprocessing = 0;
			shellPath = /bin/sh;
			shellScript = "\"${PODS_ROOT}/Target Support Files/Pods-CatBreeds/Pods-CatBreeds-frameworks.sh\"\n";
			showEnvVarsInLog = 0;
		};
		A66EC8AA54FEE4F60B31AFDE /* [CP] Check Pods Manifest.lock */ = {
			isa = PBXShellScriptBuildPhase;
			buildActionMask = 2147483647;
			files = (
			);
			inputFileListPaths = (
			);
			inputPaths = (
				"${PODS_PODFILE_DIR_PATH}/Podfile.lock",
				"${PODS_ROOT}/Manifest.lock",
			);
			name = "[CP] Check Pods Manifest.lock";
			outputFileListPaths = (
			);
			outputPaths = (
				"$(DERIVED_FILE_DIR)/Pods-CatBreeds-checkManifestLockResult.txt",
			);
			runOnlyForDeploymentPostprocessing = 0;
			shellPath = /bin/sh;
			shellScript = "diff \"${PODS_PODFILE_DIR_PATH}/Podfile.lock\" \"${PODS_ROOT}/Manifest.lock\" > /dev/null\nif [ $? != 0 ] ; then\n    # print error to STDERR\n    echo \"error: The sandbox is not in sync with the Podfile.lock. Run 'pod install' or update your CocoaPods installation.\" >&2\n    exit 1\nfi\n# This output is used by Xcode 'outputs' to avoid re-running this script phase.\necho \"SUCCESS\" > \"${SCRIPT_OUTPUT_FILE_0}\"\n";
			showEnvVarsInLog = 0;
		};
/* End PBXShellScriptBuildPhase section */

/* Begin PBXSourcesBuildPhase section */
		80D14AD3280B556C00568D70 /* Sources */ = {
			isa = PBXSourcesBuildPhase;
			buildActionMask = 2147483647;
			files = (
				80C2629D280B619200BBBFA1 /* FavoriteViewController.swift in Sources */,
				80D14AF3280B55C300568D70 /* BaseViewController.swift in Sources */,
				80D14AFA280B566300568D70 /* ContentsViewController.swift in Sources */,
				8037D74B2A9CB283004CAEE3 /* ContentsViewModel.swift in Sources */,
				80C26298280B5EB700BBBFA1 /* DetailsViewController.swift in Sources */,
				801B05B8280EFC6700FCD6C7 /* SplashScreenVC.swift in Sources */,
				80D14ADB280B556C00568D70 /* AppDelegate.swift in Sources */,
				80D14B05280B575400568D70 /* ContentsResponse.swift in Sources */,
				80C262A2280B65C600BBBFA1 /* UIImageView+Extension.swift in Sources */,
				80142FAD2814C4D4000C1EE3 /* UIView+Extension.swift in Sources */,
				80142FB02814C5BD000C1EE3 /* SplashSlide.swift in Sources */,
				80C2629A280B603800BBBFA1 /* Int+Extension.swift in Sources */,
				80142FB32814C898000C1EE3 /* SplashCollectionViewCell.swift in Sources */,
				80D14ADD280B556C00568D70 /* SceneDelegate.swift in Sources */,
				80D14AE5280B556C00568D70 /* CatBreeds.xcdatamodeld in Sources */,
				80D14B03280B572000568D70 /* Service.swift in Sources */,
				80D14B08280B593400568D70 /* ContentsTableViewCell.swift in Sources */,
			);
			runOnlyForDeploymentPostprocessing = 0;
		};
/* End PBXSourcesBuildPhase section */

/* Begin PBXVariantGroup section */
		80D14AE0280B556C00568D70 /* Main.storyboard */ = {
			isa = PBXVariantGroup;
			children = (
				80D14AE1280B556C00568D70 /* Base */,
			);
			name = Main.storyboard;
			sourceTree = "<group>";
		};
		80D14AE8280B556D00568D70 /* LaunchScreen.storyboard */ = {
			isa = PBXVariantGroup;
			children = (
				80D14AE9280B556D00568D70 /* Base */,
			);
			name = LaunchScreen.storyboard;
			sourceTree = "<group>";
		};
/* End PBXVariantGroup section */

/* Begin XCBuildConfiguration section */
		80D14AEC280B556D00568D70 /* Debug */ = {
			isa = XCBuildConfiguration;
			buildSettings = {
				ALWAYS_SEARCH_USER_PATHS = NO;
				CLANG_ANALYZER_NONNULL = YES;
				CLANG_ANALYZER_NUMBER_OBJECT_CONVERSION = YES_AGGRESSIVE;
				CLANG_CXX_LANGUAGE_STANDARD = "gnu++17";
				CLANG_ENABLE_MODULES = YES;
				CLANG_ENABLE_OBJC_ARC = YES;
				CLANG_ENABLE_OBJC_WEAK = YES;
				CLANG_WARN_BLOCK_CAPTURE_AUTORELEASING = YES;
				CLANG_WARN_BOOL_CONVERSION = YES;
				CLANG_WARN_COMMA = YES;
				CLANG_WARN_CONSTANT_CONVERSION = YES;
				CLANG_WARN_DEPRECATED_OBJC_IMPLEMENTATIONS = YES;
				CLANG_WARN_DIRECT_OBJC_ISA_USAGE = YES_ERROR;
				CLANG_WARN_DOCUMENTATION_COMMENTS = YES;
				CLANG_WARN_EMPTY_BODY = YES;
				CLANG_WARN_ENUM_CONVERSION = YES;
				CLANG_WARN_INFINITE_RECURSION = YES;
				CLANG_WARN_INT_CONVERSION = YES;
				CLANG_WARN_NON_LITERAL_NULL_CONVERSION = YES;
				CLANG_WARN_OBJC_IMPLICIT_RETAIN_SELF = YES;
				CLANG_WARN_OBJC_LITERAL_CONVERSION = YES;
				CLANG_WARN_OBJC_ROOT_CLASS = YES_ERROR;
				CLANG_WARN_QUOTED_INCLUDE_IN_FRAMEWORK_HEADER = YES;
				CLANG_WARN_RANGE_LOOP_ANALYSIS = YES;
				CLANG_WARN_STRICT_PROTOTYPES = YES;
				CLANG_WARN_SUSPICIOUS_MOVE = YES;
				CLANG_WARN_UNGUARDED_AVAILABILITY = YES_AGGRESSIVE;
				CLANG_WARN_UNREACHABLE_CODE = YES;
				CLANG_WARN__DUPLICATE_METHOD_MATCH = YES;
				COPY_PHASE_STRIP = NO;
				DEBUG_INFORMATION_FORMAT = dwarf;
				ENABLE_STRICT_OBJC_MSGSEND = YES;
				ENABLE_TESTABILITY = YES;
				GCC_C_LANGUAGE_STANDARD = gnu11;
				GCC_DYNAMIC_NO_PIC = NO;
				GCC_NO_COMMON_BLOCKS = YES;
				GCC_OPTIMIZATION_LEVEL = 0;
				GCC_PREPROCESSOR_DEFINITIONS = (
					"DEBUG=1",
					"$(inherited)",
				);
				GCC_WARN_64_TO_32_BIT_CONVERSION = YES;
				GCC_WARN_ABOUT_RETURN_TYPE = YES_ERROR;
				GCC_WARN_UNDECLARED_SELECTOR = YES;
				GCC_WARN_UNINITIALIZED_AUTOS = YES_AGGRESSIVE;
				GCC_WARN_UNUSED_FUNCTION = YES;
				GCC_WARN_UNUSED_VARIABLE = YES;
				IPHONEOS_DEPLOYMENT_TARGET = 15.4;
				MTL_ENABLE_DEBUG_INFO = INCLUDE_SOURCE;
				MTL_FAST_MATH = YES;
				ONLY_ACTIVE_ARCH = YES;
				SDKROOT = iphoneos;
				SWIFT_ACTIVE_COMPILATION_CONDITIONS = DEBUG;
				SWIFT_OPTIMIZATION_LEVEL = "-Onone";
			};
			name = Debug;
		};
		80D14AED280B556D00568D70 /* Release */ = {
			isa = XCBuildConfiguration;
			buildSettings = {
				ALWAYS_SEARCH_USER_PATHS = NO;
				CLANG_ANALYZER_NONNULL = YES;
				CLANG_ANALYZER_NUMBER_OBJECT_CONVERSION = YES_AGGRESSIVE;
				CLANG_CXX_LANGUAGE_STANDARD = "gnu++17";
				CLANG_ENABLE_MODULES = YES;
				CLANG_ENABLE_OBJC_ARC = YES;
				CLANG_ENABLE_OBJC_WEAK = YES;
				CLANG_WARN_BLOCK_CAPTURE_AUTORELEASING = YES;
				CLANG_WARN_BOOL_CONVERSION = YES;
				CLANG_WARN_COMMA = YES;
				CLANG_WARN_CONSTANT_CONVERSION = YES;
				CLANG_WARN_DEPRECATED_OBJC_IMPLEMENTATIONS = YES;
				CLANG_WARN_DIRECT_OBJC_ISA_USAGE = YES_ERROR;
				CLANG_WARN_DOCUMENTATION_COMMENTS = YES;
				CLANG_WARN_EMPTY_BODY = YES;
				CLANG_WARN_ENUM_CONVERSION = YES;
				CLANG_WARN_INFINITE_RECURSION = YES;
				CLANG_WARN_INT_CONVERSION = YES;
				CLANG_WARN_NON_LITERAL_NULL_CONVERSION = YES;
				CLANG_WARN_OBJC_IMPLICIT_RETAIN_SELF = YES;
				CLANG_WARN_OBJC_LITERAL_CONVERSION = YES;
				CLANG_WARN_OBJC_ROOT_CLASS = YES_ERROR;
				CLANG_WARN_QUOTED_INCLUDE_IN_FRAMEWORK_HEADER = YES;
				CLANG_WARN_RANGE_LOOP_ANALYSIS = YES;
				CLANG_WARN_STRICT_PROTOTYPES = YES;
				CLANG_WARN_SUSPICIOUS_MOVE = YES;
				CLANG_WARN_UNGUARDED_AVAILABILITY = YES_AGGRESSIVE;
				CLANG_WARN_UNREACHABLE_CODE = YES;
				CLANG_WARN__DUPLICATE_METHOD_MATCH = YES;
				COPY_PHASE_STRIP = NO;
				DEBUG_INFORMATION_FORMAT = "dwarf-with-dsym";
				ENABLE_NS_ASSERTIONS = NO;
				ENABLE_STRICT_OBJC_MSGSEND = YES;
				GCC_C_LANGUAGE_STANDARD = gnu11;
				GCC_NO_COMMON_BLOCKS = YES;
				GCC_WARN_64_TO_32_BIT_CONVERSION = YES;
				GCC_WARN_ABOUT_RETURN_TYPE = YES_ERROR;
				GCC_WARN_UNDECLARED_SELECTOR = YES;
				GCC_WARN_UNINITIALIZED_AUTOS = YES_AGGRESSIVE;
				GCC_WARN_UNUSED_FUNCTION = YES;
				GCC_WARN_UNUSED_VARIABLE = YES;
				IPHONEOS_DEPLOYMENT_TARGET = 15.4;
				MTL_ENABLE_DEBUG_INFO = NO;
				MTL_FAST_MATH = YES;
				SDKROOT = iphoneos;
				SWIFT_COMPILATION_MODE = wholemodule;
				SWIFT_OPTIMIZATION_LEVEL = "-O";
				VALIDATE_PRODUCT = YES;
			};
			name = Release;
		};
		80D14AEF280B556D00568D70 /* Debug */ = {
			isa = XCBuildConfiguration;
			baseConfigurationReference = B99812EE3577A81CF1A78A80 /* Pods-CatBreeds.debug.xcconfig */;
			buildSettings = {
				ASSETCATALOG_COMPILER_APPICON_NAME = AppIcon;
				ASSETCATALOG_COMPILER_GLOBAL_ACCENT_COLOR_NAME = AccentColor;
				CODE_SIGN_STYLE = Automatic;
				CURRENT_PROJECT_VERSION = 1;
				DEVELOPMENT_TEAM = S47T2VL424;
				GENERATE_INFOPLIST_FILE = YES;
				INFOPLIST_FILE = CatBreeds/Info.plist;
				INFOPLIST_KEY_UIApplicationSupportsIndirectInputEvents = YES;
				INFOPLIST_KEY_UILaunchStoryboardName = LaunchScreen;
				INFOPLIST_KEY_UIMainStoryboardFile = Main;
				INFOPLIST_KEY_UISupportedInterfaceOrientations_iPad = "UIInterfaceOrientationPortrait UIInterfaceOrientationPortraitUpsideDown UIInterfaceOrientationLandscapeLeft UIInterfaceOrientationLandscapeRight";
				INFOPLIST_KEY_UISupportedInterfaceOrientations_iPhone = "UIInterfaceOrientationPortrait UIInterfaceOrientationLandscapeLeft UIInterfaceOrientationLandscapeRight";
				LD_RUNPATH_SEARCH_PATHS = (
					"$(inherited)",
					"@executable_path/Frameworks",
				);
				MARKETING_VERSION = 1.0;
				PRODUCT_BUNDLE_IDENTIFIER = yunusoktay.CatBreeds;
				PRODUCT_NAME = "$(TARGET_NAME)";
				SWIFT_EMIT_LOC_STRINGS = YES;
				SWIFT_VERSION = 5.0;
				TARGETED_DEVICE_FAMILY = "1,2";
			};
			name = Debug;
		};
		80D14AF0280B556D00568D70 /* Release */ = {
			isa = XCBuildConfiguration;
			baseConfigurationReference = 40521A1E323F5EFABC6D8E5B /* Pods-CatBreeds.release.xcconfig */;
			buildSettings = {
				ASSETCATALOG_COMPILER_APPICON_NAME = AppIcon;
				ASSETCATALOG_COMPILER_GLOBAL_ACCENT_COLOR_NAME = AccentColor;
				CODE_SIGN_STYLE = Automatic;
				CURRENT_PROJECT_VERSION = 1;
				DEVELOPMENT_TEAM = S47T2VL424;
				GENERATE_INFOPLIST_FILE = YES;
				INFOPLIST_FILE = CatBreeds/Info.plist;
				INFOPLIST_KEY_UIApplicationSupportsIndirectInputEvents = YES;
				INFOPLIST_KEY_UILaunchStoryboardName = LaunchScreen;
				INFOPLIST_KEY_UIMainStoryboardFile = Main;
				INFOPLIST_KEY_UISupportedInterfaceOrientations_iPad = "UIInterfaceOrientationPortrait UIInterfaceOrientationPortraitUpsideDown UIInterfaceOrientationLandscapeLeft UIInterfaceOrientationLandscapeRight";
				INFOPLIST_KEY_UISupportedInterfaceOrientations_iPhone = "UIInterfaceOrientationPortrait UIInterfaceOrientationLandscapeLeft UIInterfaceOrientationLandscapeRight";
				LD_RUNPATH_SEARCH_PATHS = (
					"$(inherited)",
					"@executable_path/Frameworks",
				);
				MARKETING_VERSION = 1.0;
				PRODUCT_BUNDLE_IDENTIFIER = yunusoktay.CatBreeds;
				PRODUCT_NAME = "$(TARGET_NAME)";
				SWIFT_EMIT_LOC_STRINGS = YES;
				SWIFT_VERSION = 5.0;
				TARGETED_DEVICE_FAMILY = "1,2";
			};
			name = Release;
		};
/* End XCBuildConfiguration section */

/* Begin XCConfigurationList section */
		80D14AD2280B556C00568D70 /* Build configuration list for PBXProject "CatBreeds" */ = {
			isa = XCConfigurationList;
			buildConfigurations = (
				80D14AEC280B556D00568D70 /* Debug */,
				80D14AED280B556D00568D70 /* Release */,
			);
			defaultConfigurationIsVisible = 0;
			defaultConfigurationName = Release;
		};
		80D14AEE280B556D00568D70 /* Build configuration list for PBXNativeTarget "CatBreeds" */ = {
			isa = XCConfigurationList;
			buildConfigurations = (
				80D14AEF280B556D00568D70 /* Debug */,
				80D14AF0280B556D00568D70 /* Release */,
			);
			defaultConfigurationIsVisible = 0;
			defaultConfigurationName = Release;
		};
/* End XCConfigurationList section */

/* Begin XCVersionGroup section */
		80D14AE3280B556C00568D70 /* CatBreeds.xcdatamodeld */ = {
			isa = XCVersionGroup;
			children = (
				80D14AE4280B556C00568D70 /* CatBreeds.xcdatamodel */,
			);
			currentVersion = 80D14AE4280B556C00568D70 /* CatBreeds.xcdatamodel */;
			path = CatBreeds.xcdatamodeld;
			sourceTree = "<group>";
			versionGroupType = wrapper.xcdatamodel;
		};
/* End XCVersionGroup section */
	};
	rootObject = 80D14ACF280B556C00568D70 /* Project object */;
}
